
Microsoft Visual Studio Solution File, Format Version 12.00
# Visual Studio Version 17
VisualStudioVersion = 17.11.35327.3
MinimumVisualStudioVersion = 10.0.40219.1
Project("{9A19103F-16F7-4668-BE54-9A1E7A4F7556}") = "DHSC.FingertipsNext.Api", "DHSC.FingertipsNext.Api\DHSC.FingertipsNext.Api.csproj", "{2EB4D837-6C00-4E13-8F71-D613DCCAD577}"
EndProject
Project("{9A19103F-16F7-4668-BE54-9A1E7A4F7556}") = "DHSC.FingertipsNext.Modules.Search", "DHSC.FingertipsNext.Modules.Search\DHSC.FingertipsNext.Modules.Search.csproj", "{CA8AF580-F234-4D59-B5DE-EEDD2C5BA756}"
EndProject
Project("{9A19103F-16F7-4668-BE54-9A1E7A4F7556}") = "DHSC.FingertipsNext.Modules.Core", "DHSC.FingertipsNext.Modules.Core\DHSC.FingertipsNext.Modules.Core.csproj", "{2249CC8B-D291-490A-BA4F-81784DBBB16A}"
EndProject
Project("{9A19103F-16F7-4668-BE54-9A1E7A4F7556}") = "DHSC.FingertipsNext.Monolith", "DHSC.FingertipsNext.Monolith\DHSC.FingertipsNext.Monolith.csproj", "{51C01F75-C62B-4C82-8FCA-306B4C8B5657}"
EndProject
Project("{2150E333-8FDC-42A3-9474-1A3956D46DE8}") = "Modules", "Modules", "{68620BFB-ED52-4B92-B37E-BBDF367D3830}"
EndProject
Project("{2150E333-8FDC-42A3-9474-1A3956D46DE8}") = "Core", "Core", "{C8142E87-5092-4EA3-8B0B-2DCB5052C441}"
EndProject
Project("{2150E333-8FDC-42A3-9474-1A3956D46DE8}") = "Search", "Search", "{5089E948-9187-4253-A0E2-CD4F298463AE}"
EndProject
Project("{9A19103F-16F7-4668-BE54-9A1E7A4F7556}") = "DHSC.FingertipsNext.Modules.Core.Service", "DHSC.FingertipsNext.Modules.Core.Service\DHSC.FingertipsNext.Modules.Core.Service.csproj", "{3701EC64-3D54-4DA9-ACE5-E230F715F3B3}"
EndProject
Project("{9A19103F-16F7-4668-BE54-9A1E7A4F7556}") = "DHSC.FingertipsNext.Modules.Core.Repository", "DHSC.FingertipsNext.Modules.Core.Repository\DHSC.FingertipsNext.Modules.Core.Repository.csproj", "{6140269A-7F0C-4A13-8CE1-8CE9B53827E5}"
EndProject
Project("{9A19103F-16F7-4668-BE54-9A1E7A4F7556}") = "DHSC.FingertipsNext.Modules.Core.Comms.SearchClient", "DHSC.FingertipsNext.Modules.Core.Comms.SearchClient\DHSC.FingertipsNext.Modules.Core.Comms.SearchClient.csproj", "{3FB2596B-75B7-4C67-A621-C26A62CE083D}"
EndProject
Project("{9A19103F-16F7-4668-BE54-9A1E7A4F7556}") = "DHSC.FingertipsNext.Modules.Core.UnitTests", "DHSC.FingertipsNext.Modules.Core.UnitTests\DHSC.FingertipsNext.Modules.Core.UnitTests.csproj", "{37ADB951-3E0F-4A89-A48F-1BE9273FA631}"
EndProject
Project("{9A19103F-16F7-4668-BE54-9A1E7A4F7556}") = "DHSC.FingertipsNext.Modules.Core.ModuleInterfaces", "DHSC.FingertipsNext.Modules.Core.ModuleInterfaces\DHSC.FingertipsNext.Modules.Core.ModuleInterfaces.csproj", "{0BC06378-0BC2-4AA9-87E4-809B15E237B8}"
EndProject
Project("{9A19103F-16F7-4668-BE54-9A1E7A4F7556}") = "DHSC.FingertipsNext.Modules.Search.ModuleInterfaces", "DHSC.FingertipsNext.Modules.Search.ModuleInterfaces\DHSC.FingertipsNext.Modules.Search.ModuleInterfaces.csproj", "{861E33C4-10D8-4EA9-B241-F2641DF116DE}"
EndProject
Project("{2150E333-8FDC-42A3-9474-1A3956D46DE8}") = "HealthData", "HealthData", "{F7FD1D55-CD32-4B34-87D3-694462789777}"
EndProject
Project("{9A19103F-16F7-4668-BE54-9A1E7A4F7556}") = "DHSC.FingertipsNext.Modules.HealthData.Schemas", "DHSC.FingertipsNext.Modules.HealthData.Schemas\DHSC.FingertipsNext.Modules.HealthData.Schemas.csproj", "{296FC4BA-E4FE-4D12-AFB8-3E6C775466CE}"
EndProject
Project("{9A19103F-16F7-4668-BE54-9A1E7A4F7556}") = "DHSC.FingertipsNext.Modules.HealthData", "DHSC.FingertipsNext.Modules.HealthData\DHSC.FingertipsNext.Modules.HealthData.csproj", "{19B3140B-56E5-441B-8965-E1F38BA44832}"
EndProject
Project("{9A19103F-16F7-4668-BE54-9A1E7A4F7556}") = "DHSC.FingertipsNext.Modules.HealthData.UnitTests", "DHSC.FingertipsNext.Modules.HealthData.UnitTests\DHSC.FingertipsNext.Modules.HealthData.UnitTests.csproj", "{58323DA6-9274-4D40-B74F-A3D3E6FFCD2A}"
EndProject
Project("{9A19103F-16F7-4668-BE54-9A1E7A4F7556}") = "DHSC.FingertipsNext.Modules.HealthData.Service", "DHSC.FingertipsNext.Modules.HealthData.Service\DHSC.FingertipsNext.Modules.HealthData.Service.csproj", "{AF880A03-9A7E-44DB-971B-9D6239C2A62E}"
EndProject
Project("{9A19103F-16F7-4668-BE54-9A1E7A4F7556}") = "DHSC.FingertipsNext.Modules.HealthData.Repository", "DHSC.FingertipsNext.Modules.HealthData.Repository\DHSC.FingertipsNext.Modules.HealthData.Repository.csproj", "{028747AA-D99E-402F-98C3-01C9D546E2DB}"
EndProject
Project("{2150E333-8FDC-42A3-9474-1A3956D46DE8}") = "Area", "Area", "{F4B09CAF-3A01-49E2-AE30-7B1DA31C5584}"
EndProject
Project("{FAE04EC0-301F-11D3-BF4B-00C04F79EFBC}") = "DHSC.FingertipsNext.Modules.Area", "DHSC.FingertipsNext.Modules.Area\DHSC.FingertipsNext.Modules.Area.csproj", "{13BAC2DC-1058-45DC-B552-B71C3AB22551}"
EndProject
Project("{FAE04EC0-301F-11D3-BF4B-00C04F79EFBC}") = "DHSC.FingertipsNext.Modules.Area.Schemas", "DHSC.FingertipsNext.Modules.Area.Schemas\DHSC.FingertipsNext.Modules.Area.Schemas.csproj", "{E3847BAA-01E7-4407-AB73-E7AD3E88644F}"
EndProject
Project("{FAE04EC0-301F-11D3-BF4B-00C04F79EFBC}") = "DHSC.FingertipsNext.Modules.Area.Service", "DHSC.FingertipsNext.Modules.Area.Service\DHSC.FingertipsNext.Modules.Area.Service.csproj", "{EFC224D2-23B1-459B-9278-D01B0E6AD9D4}"
EndProject
Project("{FAE04EC0-301F-11D3-BF4B-00C04F79EFBC}") = "DHSC.FingertipsNext.Modules.Area.UnitTests", "DHSC.FingertipsNext.Modules.Area.UnitTests\DHSC.FingertipsNext.Modules.Area.UnitTests.csproj", "{B1FACE86-8717-47E4-A5E8-FD060E7F201A}"
EndProject
Project("{FAE04EC0-301F-11D3-BF4B-00C04F79EFBC}") = "DHSC.FingertipsNext.Modules.Area.Repository", "DHSC.FingertipsNext.Modules.Area.Repository\DHSC.FingertipsNext.Modules.Area.Repository.csproj", "{6E807864-6AFC-4EBB-8500-C6DAB591D974}"
EndProject
Global
	GlobalSection(SolutionConfigurationPlatforms) = preSolution
		Debug|Any CPU = Debug|Any CPU
		Release|Any CPU = Release|Any CPU
	EndGlobalSection
	GlobalSection(ProjectConfigurationPlatforms) = postSolution
		{2EB4D837-6C00-4E13-8F71-D613DCCAD577}.Debug|Any CPU.ActiveCfg = Debug|Any CPU
		{2EB4D837-6C00-4E13-8F71-D613DCCAD577}.Debug|Any CPU.Build.0 = Debug|Any CPU
		{2EB4D837-6C00-4E13-8F71-D613DCCAD577}.Release|Any CPU.ActiveCfg = Release|Any CPU
		{2EB4D837-6C00-4E13-8F71-D613DCCAD577}.Release|Any CPU.Build.0 = Release|Any CPU
		{CA8AF580-F234-4D59-B5DE-EEDD2C5BA756}.Debug|Any CPU.ActiveCfg = Debug|Any CPU
		{CA8AF580-F234-4D59-B5DE-EEDD2C5BA756}.Debug|Any CPU.Build.0 = Debug|Any CPU
		{CA8AF580-F234-4D59-B5DE-EEDD2C5BA756}.Release|Any CPU.ActiveCfg = Release|Any CPU
		{CA8AF580-F234-4D59-B5DE-EEDD2C5BA756}.Release|Any CPU.Build.0 = Release|Any CPU
		{2249CC8B-D291-490A-BA4F-81784DBBB16A}.Debug|Any CPU.ActiveCfg = Debug|Any CPU
		{2249CC8B-D291-490A-BA4F-81784DBBB16A}.Debug|Any CPU.Build.0 = Debug|Any CPU
		{2249CC8B-D291-490A-BA4F-81784DBBB16A}.Release|Any CPU.ActiveCfg = Release|Any CPU
		{2249CC8B-D291-490A-BA4F-81784DBBB16A}.Release|Any CPU.Build.0 = Release|Any CPU
		{51C01F75-C62B-4C82-8FCA-306B4C8B5657}.Debug|Any CPU.ActiveCfg = Debug|Any CPU
		{51C01F75-C62B-4C82-8FCA-306B4C8B5657}.Debug|Any CPU.Build.0 = Debug|Any CPU
		{51C01F75-C62B-4C82-8FCA-306B4C8B5657}.Release|Any CPU.ActiveCfg = Release|Any CPU
		{51C01F75-C62B-4C82-8FCA-306B4C8B5657}.Release|Any CPU.Build.0 = Release|Any CPU
		{3701EC64-3D54-4DA9-ACE5-E230F715F3B3}.Debug|Any CPU.ActiveCfg = Debug|Any CPU
		{3701EC64-3D54-4DA9-ACE5-E230F715F3B3}.Debug|Any CPU.Build.0 = Debug|Any CPU
		{3701EC64-3D54-4DA9-ACE5-E230F715F3B3}.Release|Any CPU.ActiveCfg = Release|Any CPU
		{3701EC64-3D54-4DA9-ACE5-E230F715F3B3}.Release|Any CPU.Build.0 = Release|Any CPU
		{6140269A-7F0C-4A13-8CE1-8CE9B53827E5}.Debug|Any CPU.ActiveCfg = Debug|Any CPU
		{6140269A-7F0C-4A13-8CE1-8CE9B53827E5}.Debug|Any CPU.Build.0 = Debug|Any CPU
		{6140269A-7F0C-4A13-8CE1-8CE9B53827E5}.Release|Any CPU.ActiveCfg = Release|Any CPU
		{6140269A-7F0C-4A13-8CE1-8CE9B53827E5}.Release|Any CPU.Build.0 = Release|Any CPU
		{3FB2596B-75B7-4C67-A621-C26A62CE083D}.Debug|Any CPU.ActiveCfg = Debug|Any CPU
		{3FB2596B-75B7-4C67-A621-C26A62CE083D}.Debug|Any CPU.Build.0 = Debug|Any CPU
		{3FB2596B-75B7-4C67-A621-C26A62CE083D}.Release|Any CPU.ActiveCfg = Release|Any CPU
		{3FB2596B-75B7-4C67-A621-C26A62CE083D}.Release|Any CPU.Build.0 = Release|Any CPU
		{37ADB951-3E0F-4A89-A48F-1BE9273FA631}.Debug|Any CPU.ActiveCfg = Debug|Any CPU
		{37ADB951-3E0F-4A89-A48F-1BE9273FA631}.Debug|Any CPU.Build.0 = Debug|Any CPU
		{37ADB951-3E0F-4A89-A48F-1BE9273FA631}.Release|Any CPU.ActiveCfg = Release|Any CPU
		{37ADB951-3E0F-4A89-A48F-1BE9273FA631}.Release|Any CPU.Build.0 = Release|Any CPU
		{0BC06378-0BC2-4AA9-87E4-809B15E237B8}.Debug|Any CPU.ActiveCfg = Debug|Any CPU
		{0BC06378-0BC2-4AA9-87E4-809B15E237B8}.Debug|Any CPU.Build.0 = Debug|Any CPU
		{0BC06378-0BC2-4AA9-87E4-809B15E237B8}.Release|Any CPU.ActiveCfg = Release|Any CPU
		{0BC06378-0BC2-4AA9-87E4-809B15E237B8}.Release|Any CPU.Build.0 = Release|Any CPU
		{861E33C4-10D8-4EA9-B241-F2641DF116DE}.Debug|Any CPU.ActiveCfg = Debug|Any CPU
		{861E33C4-10D8-4EA9-B241-F2641DF116DE}.Debug|Any CPU.Build.0 = Debug|Any CPU
		{861E33C4-10D8-4EA9-B241-F2641DF116DE}.Release|Any CPU.ActiveCfg = Release|Any CPU
		{861E33C4-10D8-4EA9-B241-F2641DF116DE}.Release|Any CPU.Build.0 = Release|Any CPU
		{296FC4BA-E4FE-4D12-AFB8-3E6C775466CE}.Debug|Any CPU.ActiveCfg = Debug|Any CPU
		{296FC4BA-E4FE-4D12-AFB8-3E6C775466CE}.Debug|Any CPU.Build.0 = Debug|Any CPU
		{296FC4BA-E4FE-4D12-AFB8-3E6C775466CE}.Release|Any CPU.ActiveCfg = Release|Any CPU
		{296FC4BA-E4FE-4D12-AFB8-3E6C775466CE}.Release|Any CPU.Build.0 = Release|Any CPU
		{19B3140B-56E5-441B-8965-E1F38BA44832}.Debug|Any CPU.ActiveCfg = Debug|Any CPU
		{19B3140B-56E5-441B-8965-E1F38BA44832}.Debug|Any CPU.Build.0 = Debug|Any CPU
		{19B3140B-56E5-441B-8965-E1F38BA44832}.Release|Any CPU.ActiveCfg = Release|Any CPU
		{19B3140B-56E5-441B-8965-E1F38BA44832}.Release|Any CPU.Build.0 = Release|Any CPU
		{58323DA6-9274-4D40-B74F-A3D3E6FFCD2A}.Debug|Any CPU.ActiveCfg = Debug|Any CPU
		{58323DA6-9274-4D40-B74F-A3D3E6FFCD2A}.Debug|Any CPU.Build.0 = Debug|Any CPU
		{58323DA6-9274-4D40-B74F-A3D3E6FFCD2A}.Release|Any CPU.ActiveCfg = Release|Any CPU
		{58323DA6-9274-4D40-B74F-A3D3E6FFCD2A}.Release|Any CPU.Build.0 = Release|Any CPU
		{AF880A03-9A7E-44DB-971B-9D6239C2A62E}.Debug|Any CPU.ActiveCfg = Debug|Any CPU
		{AF880A03-9A7E-44DB-971B-9D6239C2A62E}.Debug|Any CPU.Build.0 = Debug|Any CPU
		{AF880A03-9A7E-44DB-971B-9D6239C2A62E}.Release|Any CPU.ActiveCfg = Release|Any CPU
		{AF880A03-9A7E-44DB-971B-9D6239C2A62E}.Release|Any CPU.Build.0 = Release|Any CPU
		{028747AA-D99E-402F-98C3-01C9D546E2DB}.Debug|Any CPU.ActiveCfg = Debug|Any CPU
		{028747AA-D99E-402F-98C3-01C9D546E2DB}.Debug|Any CPU.Build.0 = Debug|Any CPU
		{028747AA-D99E-402F-98C3-01C9D546E2DB}.Release|Any CPU.ActiveCfg = Release|Any CPU
		{028747AA-D99E-402F-98C3-01C9D546E2DB}.Release|Any CPU.Build.0 = Release|Any CPU
		{13BAC2DC-1058-45DC-B552-B71C3AB22551}.Debug|Any CPU.ActiveCfg = Debug|Any CPU
		{13BAC2DC-1058-45DC-B552-B71C3AB22551}.Debug|Any CPU.Build.0 = Debug|Any CPU
		{13BAC2DC-1058-45DC-B552-B71C3AB22551}.Release|Any CPU.ActiveCfg = Release|Any CPU
		{13BAC2DC-1058-45DC-B552-B71C3AB22551}.Release|Any CPU.Build.0 = Release|Any CPU
		{E3847BAA-01E7-4407-AB73-E7AD3E88644F}.Debug|Any CPU.ActiveCfg = Debug|Any CPU
		{E3847BAA-01E7-4407-AB73-E7AD3E88644F}.Debug|Any CPU.Build.0 = Debug|Any CPU
		{E3847BAA-01E7-4407-AB73-E7AD3E88644F}.Release|Any CPU.ActiveCfg = Release|Any CPU
		{E3847BAA-01E7-4407-AB73-E7AD3E88644F}.Release|Any CPU.Build.0 = Release|Any CPU
		{EFC224D2-23B1-459B-9278-D01B0E6AD9D4}.Debug|Any CPU.ActiveCfg = Debug|Any CPU
		{EFC224D2-23B1-459B-9278-D01B0E6AD9D4}.Debug|Any CPU.Build.0 = Debug|Any CPU
		{EFC224D2-23B1-459B-9278-D01B0E6AD9D4}.Release|Any CPU.ActiveCfg = Release|Any CPU
		{EFC224D2-23B1-459B-9278-D01B0E6AD9D4}.Release|Any CPU.Build.0 = Release|Any CPU
		{B1FACE86-8717-47E4-A5E8-FD060E7F201A}.Debug|Any CPU.ActiveCfg = Debug|Any CPU
		{B1FACE86-8717-47E4-A5E8-FD060E7F201A}.Debug|Any CPU.Build.0 = Debug|Any CPU
		{B1FACE86-8717-47E4-A5E8-FD060E7F201A}.Release|Any CPU.ActiveCfg = Release|Any CPU
		{B1FACE86-8717-47E4-A5E8-FD060E7F201A}.Release|Any CPU.Build.0 = Release|Any CPU
		{6E807864-6AFC-4EBB-8500-C6DAB591D974}.Debug|Any CPU.ActiveCfg = Debug|Any CPU
		{6E807864-6AFC-4EBB-8500-C6DAB591D974}.Debug|Any CPU.Build.0 = Debug|Any CPU
		{6E807864-6AFC-4EBB-8500-C6DAB591D974}.Release|Any CPU.ActiveCfg = Release|Any CPU
		{6E807864-6AFC-4EBB-8500-C6DAB591D974}.Release|Any CPU.Build.0 = Release|Any CPU
	EndGlobalSection
	GlobalSection(SolutionProperties) = preSolution
		HideSolutionNode = FALSE
	EndGlobalSection
	GlobalSection(NestedProjects) = preSolution
		{CA8AF580-F234-4D59-B5DE-EEDD2C5BA756} = {5089E948-9187-4253-A0E2-CD4F298463AE}
		{2249CC8B-D291-490A-BA4F-81784DBBB16A} = {C8142E87-5092-4EA3-8B0B-2DCB5052C441}
		{C8142E87-5092-4EA3-8B0B-2DCB5052C441} = {68620BFB-ED52-4B92-B37E-BBDF367D3830}
		{5089E948-9187-4253-A0E2-CD4F298463AE} = {68620BFB-ED52-4B92-B37E-BBDF367D3830}
		{3701EC64-3D54-4DA9-ACE5-E230F715F3B3} = {C8142E87-5092-4EA3-8B0B-2DCB5052C441}
		{6140269A-7F0C-4A13-8CE1-8CE9B53827E5} = {C8142E87-5092-4EA3-8B0B-2DCB5052C441}
		{3FB2596B-75B7-4C67-A621-C26A62CE083D} = {C8142E87-5092-4EA3-8B0B-2DCB5052C441}
		{37ADB951-3E0F-4A89-A48F-1BE9273FA631} = {C8142E87-5092-4EA3-8B0B-2DCB5052C441}
		{0BC06378-0BC2-4AA9-87E4-809B15E237B8} = {C8142E87-5092-4EA3-8B0B-2DCB5052C441}
		{861E33C4-10D8-4EA9-B241-F2641DF116DE} = {5089E948-9187-4253-A0E2-CD4F298463AE}
		{F7FD1D55-CD32-4B34-87D3-694462789777} = {68620BFB-ED52-4B92-B37E-BBDF367D3830}
		{296FC4BA-E4FE-4D12-AFB8-3E6C775466CE} = {F7FD1D55-CD32-4B34-87D3-694462789777}
		{19B3140B-56E5-441B-8965-E1F38BA44832} = {F7FD1D55-CD32-4B34-87D3-694462789777}
		{58323DA6-9274-4D40-B74F-A3D3E6FFCD2A} = {F7FD1D55-CD32-4B34-87D3-694462789777}
		{AF880A03-9A7E-44DB-971B-9D6239C2A62E} = {F7FD1D55-CD32-4B34-87D3-694462789777}
		{028747AA-D99E-402F-98C3-01C9D546E2DB} = {F7FD1D55-CD32-4B34-87D3-694462789777}
		{F4B09CAF-3A01-49E2-AE30-7B1DA31C5584} = {68620BFB-ED52-4B92-B37E-BBDF367D3830}
		{13BAC2DC-1058-45DC-B552-B71C3AB22551} = {F4B09CAF-3A01-49E2-AE30-7B1DA31C5584}
		{E3847BAA-01E7-4407-AB73-E7AD3E88644F} = {F4B09CAF-3A01-49E2-AE30-7B1DA31C5584}
		{EFC224D2-23B1-459B-9278-D01B0E6AD9D4} = {F4B09CAF-3A01-49E2-AE30-7B1DA31C5584}
		{B1FACE86-8717-47E4-A5E8-FD060E7F201A} = {F4B09CAF-3A01-49E2-AE30-7B1DA31C5584}
		{6E807864-6AFC-4EBB-8500-C6DAB591D974} = {F4B09CAF-3A01-49E2-AE30-7B1DA31C5584}
	EndGlobalSection
	GlobalSection(ExtensibilityGlobals) = postSolution
		SolutionGuid = {745A1299-79AE-4D97-8156-A825611994C6}
	EndGlobalSection
EndGlobal
